
Microsoft Visual Studio Solution File, Format Version 12.00
# Visual Studio Version 16
VisualStudioVersion = 16.0.30804.86
MinimumVisualStudioVersion = 10.0.40219.1
Project("{FAE04EC0-301F-11D3-BF4B-00C04F79EFBC}") = "SimpleChat.API", "SimpleChat.API\SimpleChat.API.csproj", "{2453B64F-742B-426F-A5AC-D67153EC5807}"
EndProject
Project("{FAE04EC0-301F-11D3-BF4B-00C04F79EFBC}") = "SimpleChat.Core", "SimpleChat.Core\SimpleChat.Core.csproj", "{71C3E497-5A63-41BE-8D9F-F96F362823C0}"
EndProject
Project("{FAE04EC0-301F-11D3-BF4B-00C04F79EFBC}") = "SimpleChat.Data", "SimpleChat.Data\SimpleChat.Data.csproj", "{FBFE74FF-D58C-48E7-B310-2BCBD5A39594}"
EndProject
Project("{FAE04EC0-301F-11D3-BF4B-00C04F79EFBC}") = "SimpleChat.Domain", "SimpleChat.Domain\SimpleChat.Domain.csproj", "{0DEFD282-8B82-4E1D-A3A1-F6E95E5EF07D}"
EndProject
Global
	GlobalSection(SolutionConfigurationPlatforms) = preSolution
		Debug|Any CPU = Debug|Any CPU
		Release|Any CPU = Release|Any CPU
	EndGlobalSection
	GlobalSection(ProjectConfigurationPlatforms) = postSolution
		{2453B64F-742B-426F-A5AC-D67153EC5807}.Debug|Any CPU.ActiveCfg = Debug|Any CPU
		{2453B64F-742B-426F-A5AC-D67153EC5807}.Debug|Any CPU.Build.0 = Debug|Any CPU
		{2453B64F-742B-426F-A5AC-D67153EC5807}.Release|Any CPU.ActiveCfg = Release|Any CPU
		{2453B64F-742B-426F-A5AC-D67153EC5807}.Release|Any CPU.Build.0 = Release|Any CPU
		{71C3E497-5A63-41BE-8D9F-F96F362823C0}.Debug|Any CPU.ActiveCfg = Debug|Any CPU
		{71C3E497-5A63-41BE-8D9F-F96F362823C0}.Debug|Any CPU.Build.0 = Debug|Any CPU
		{71C3E497-5A63-41BE-8D9F-F96F362823C0}.Release|Any CPU.ActiveCfg = Release|Any CPU
		{71C3E497-5A63-41BE-8D9F-F96F362823C0}.Release|Any CPU.Build.0 = Release|Any CPU
		{FBFE74FF-D58C-48E7-B310-2BCBD5A39594}.Debug|Any CPU.ActiveCfg = Debug|Any CPU
		{FBFE74FF-D58C-48E7-B310-2BCBD5A39594}.Debug|Any CPU.Build.0 = Debug|Any CPU
		{FBFE74FF-D58C-48E7-B310-2BCBD5A39594}.Release|Any CPU.ActiveCfg = Release|Any CPU
		{FBFE74FF-D58C-48E7-B310-2BCBD5A39594}.Release|Any CPU.Build.0 = Release|Any CPU
		{0DEFD282-8B82-4E1D-A3A1-F6E95E5EF07D}.Debug|Any CPU.ActiveCfg = Debug|Any CPU
		{0DEFD282-8B82-4E1D-A3A1-F6E95E5EF07D}.Debug|Any CPU.Build.0 = Debug|Any CPU
		{0DEFD282-8B82-4E1D-A3A1-F6E95E5EF07D}.Release|Any CPU.ActiveCfg = Release|Any CPU
		{0DEFD282-8B82-4E1D-A3A1-F6E95E5EF07D}.Release|Any CPU.Build.0 = Release|Any CPU
	EndGlobalSection
	GlobalSection(SolutionProperties) = preSolution
		HideSolutionNode = FALSE
	EndGlobalSection
	GlobalSection(ExtensibilityGlobals) = postSolution
		SolutionGuid = {DEBF44F1-8A21-4E33-A349-C678469CDEC3}
	EndGlobalSection
EndGlobal
